{
  "version": "3",
  "redirects": {
    "http://deno.land/x/outdent/mod.ts": "https://deno.land/x/outdent@v0.8.0/mod.ts"
  },
  "remote": {
    "https://deno.land/x/outdent@v0.8.0/mod.ts": "72630e680dcc36d5ae556fbff6900b12706c81a6fd592345fc98bcc0878fb3ca",
    "https://deno.land/x/outdent@v0.8.0/src/index.ts": "6dc3df4108d5d6fedcdb974844d321037ca81eaaa16be6073235ff3268841a22"
  }
}
